
Microsoft Visual Studio Solution File, Format Version 12.00
# Visual Studio Version 17
VisualStudioVersion = 17.0.31903.59
MinimumVisualStudioVersion = 10.0.40219.1
Project("{FAE04EC0-301F-11D3-BF4B-00C04F79EFBC}") = "HushServerNode", "HushServerNode\HushServerNode.csproj", "{8A8C189B-E5C1-4E16-86C6-C2CE1E8BADC4}"
EndProject
Project("{2150E333-8FDC-42A3-9474-1A3956D46DE8}") = "Modules", "Modules", "{C846234B-D6E2-4AC3-A498-55026BA61AB7}"
EndProject
Project("{FAE04EC0-301F-11D3-BF4B-00C04F79EFBC}") = "BootstrapperManager", "Modules\Olimpo.BootstrapperManager\BootstrapperManager.csproj", "{25C27339-9E26-4AC8-9549-53999DEC2C93}"
EndProject
Project("{FAE04EC0-301F-11D3-BF4B-00C04F79EFBC}") = "EventAggregatorManager", "Modules\Olimpo.EventAggregatorManager\EventAggregatorManager.csproj", "{025CF167-8F50-4EF2-8919-5316FFDA3012}"
EndProject
Project("{FAE04EC0-301F-11D3-BF4B-00C04F79EFBC}") = "TcpServerManager", "Modules\Olimpo.TcpServerManager\TcpServerManager.csproj", "{B2577068-7B1B-44D7-AE72-6DC16CA1CD5C}"
EndProject
Project("{2150E333-8FDC-42A3-9474-1A3956D46DE8}") = "Services", "Services", "{95FF0470-2EE1-4DF0-AC1D-3E7DFE6C9751}"
EndProject
Project("{FAE04EC0-301F-11D3-BF4B-00C04F79EFBC}") = "HushServerNode.ApplicationSettingsService.Model", "Services\HushServerNode.ApplicationSettingsService.Model\HushServerNode.ApplicationSettingsService.Model.csproj", "{83ABF525-741F-4101-B0FB-9F19F8165AD6}"
EndProject
Project("{FAE04EC0-301F-11D3-BF4B-00C04F79EFBC}") = "HushServerNode.ServerService", "Services\HushServerNode.ServerService\HushServerNode.ServerService.csproj", "{25C2CFDC-EFC6-4A29-B1FA-3017B95F5E3A}"
EndProject
Project("{FAE04EC0-301F-11D3-BF4B-00C04F79EFBC}") = "SigningManager", "Modules\Olimpo.SigningManager\SigningManager.csproj", "{F4F3272B-9021-47B7-8924-3196C355460E}"
EndProject
Project("{FAE04EC0-301F-11D3-BF4B-00C04F79EFBC}") = "EncryptingManager", "Modules\Olimpo.EncryptingManager\EncryptingManager.csproj", "{48F7D346-80FF-44AA-8A05-6763457BE278}"
EndProject
Project("{FAE04EC0-301F-11D3-BF4B-00C04F79EFBC}") = "HushServerNode.BlockchainService", "Services\HushServerNode.BlockchainService\HushServerNode.BlockchainService.csproj", "{446CBD5E-2DEF-48E9-8161-8184C74A30AD}"
EndProject
Project("{FAE04EC0-301F-11D3-BF4B-00C04F79EFBC}") = "HushServerNode.ApplicationSettingsService", "Services\HushServerNode.ApplicationSettings\HushServerNode.ApplicationSettingsService.csproj", "{AE744764-F08D-4486-B1BA-AD415B9B9E1A}"
EndProject
Global
	GlobalSection(SolutionConfigurationPlatforms) = preSolution
		Debug|Any CPU = Debug|Any CPU
		Release|Any CPU = Release|Any CPU
	EndGlobalSection
	GlobalSection(SolutionProperties) = preSolution
		HideSolutionNode = FALSE
	EndGlobalSection
	GlobalSection(ProjectConfigurationPlatforms) = postSolution
		{8A8C189B-E5C1-4E16-86C6-C2CE1E8BADC4}.Debug|Any CPU.ActiveCfg = Debug|Any CPU
		{8A8C189B-E5C1-4E16-86C6-C2CE1E8BADC4}.Debug|Any CPU.Build.0 = Debug|Any CPU
		{8A8C189B-E5C1-4E16-86C6-C2CE1E8BADC4}.Release|Any CPU.ActiveCfg = Release|Any CPU
		{8A8C189B-E5C1-4E16-86C6-C2CE1E8BADC4}.Release|Any CPU.Build.0 = Release|Any CPU
		{25C27339-9E26-4AC8-9549-53999DEC2C93}.Debug|Any CPU.ActiveCfg = Debug|Any CPU
		{25C27339-9E26-4AC8-9549-53999DEC2C93}.Debug|Any CPU.Build.0 = Debug|Any CPU
		{25C27339-9E26-4AC8-9549-53999DEC2C93}.Release|Any CPU.ActiveCfg = Release|Any CPU
		{25C27339-9E26-4AC8-9549-53999DEC2C93}.Release|Any CPU.Build.0 = Release|Any CPU
		{025CF167-8F50-4EF2-8919-5316FFDA3012}.Debug|Any CPU.ActiveCfg = Debug|Any CPU
		{025CF167-8F50-4EF2-8919-5316FFDA3012}.Debug|Any CPU.Build.0 = Debug|Any CPU
		{025CF167-8F50-4EF2-8919-5316FFDA3012}.Release|Any CPU.ActiveCfg = Release|Any CPU
		{025CF167-8F50-4EF2-8919-5316FFDA3012}.Release|Any CPU.Build.0 = Release|Any CPU
		{B2577068-7B1B-44D7-AE72-6DC16CA1CD5C}.Debug|Any CPU.ActiveCfg = Debug|Any CPU
		{B2577068-7B1B-44D7-AE72-6DC16CA1CD5C}.Debug|Any CPU.Build.0 = Debug|Any CPU
		{B2577068-7B1B-44D7-AE72-6DC16CA1CD5C}.Release|Any CPU.ActiveCfg = Release|Any CPU
		{B2577068-7B1B-44D7-AE72-6DC16CA1CD5C}.Release|Any CPU.Build.0 = Release|Any CPU
		{83ABF525-741F-4101-B0FB-9F19F8165AD6}.Debug|Any CPU.ActiveCfg = Debug|Any CPU
		{83ABF525-741F-4101-B0FB-9F19F8165AD6}.Debug|Any CPU.Build.0 = Debug|Any CPU
		{83ABF525-741F-4101-B0FB-9F19F8165AD6}.Release|Any CPU.ActiveCfg = Release|Any CPU
		{83ABF525-741F-4101-B0FB-9F19F8165AD6}.Release|Any CPU.Build.0 = Release|Any CPU
		{25C2CFDC-EFC6-4A29-B1FA-3017B95F5E3A}.Debug|Any CPU.ActiveCfg = Debug|Any CPU
		{25C2CFDC-EFC6-4A29-B1FA-3017B95F5E3A}.Debug|Any CPU.Build.0 = Debug|Any CPU
		{25C2CFDC-EFC6-4A29-B1FA-3017B95F5E3A}.Release|Any CPU.ActiveCfg = Release|Any CPU
		{25C2CFDC-EFC6-4A29-B1FA-3017B95F5E3A}.Release|Any CPU.Build.0 = Release|Any CPU
		{F4F3272B-9021-47B7-8924-3196C355460E}.Debug|Any CPU.ActiveCfg = Debug|Any CPU
		{F4F3272B-9021-47B7-8924-3196C355460E}.Debug|Any CPU.Build.0 = Debug|Any CPU
		{F4F3272B-9021-47B7-8924-3196C355460E}.Release|Any CPU.ActiveCfg = Release|Any CPU
		{F4F3272B-9021-47B7-8924-3196C355460E}.Release|Any CPU.Build.0 = Release|Any CPU
		{48F7D346-80FF-44AA-8A05-6763457BE278}.Debug|Any CPU.ActiveCfg = Debug|Any CPU
		{48F7D346-80FF-44AA-8A05-6763457BE278}.Debug|Any CPU.Build.0 = Debug|Any CPU
		{48F7D346-80FF-44AA-8A05-6763457BE278}.Release|Any CPU.ActiveCfg = Release|Any CPU
		{48F7D346-80FF-44AA-8A05-6763457BE278}.Release|Any CPU.Build.0 = Release|Any CPU
		{446CBD5E-2DEF-48E9-8161-8184C74A30AD}.Debug|Any CPU.ActiveCfg = Debug|Any CPU
		{446CBD5E-2DEF-48E9-8161-8184C74A30AD}.Debug|Any CPU.Build.0 = Debug|Any CPU
		{446CBD5E-2DEF-48E9-8161-8184C74A30AD}.Release|Any CPU.ActiveCfg = Release|Any CPU
		{446CBD5E-2DEF-48E9-8161-8184C74A30AD}.Release|Any CPU.Build.0 = Release|Any CPU
		{AE744764-F08D-4486-B1BA-AD415B9B9E1A}.Debug|Any CPU.ActiveCfg = Debug|Any CPU
		{AE744764-F08D-4486-B1BA-AD415B9B9E1A}.Debug|Any CPU.Build.0 = Debug|Any CPU
		{AE744764-F08D-4486-B1BA-AD415B9B9E1A}.Release|Any CPU.ActiveCfg = Release|Any CPU
		{AE744764-F08D-4486-B1BA-AD415B9B9E1A}.Release|Any CPU.Build.0 = Release|Any CPU
	EndGlobalSection
	GlobalSection(NestedProjects) = preSolution
		{25C27339-9E26-4AC8-9549-53999DEC2C93} = {C846234B-D6E2-4AC3-A498-55026BA61AB7}
		{025CF167-8F50-4EF2-8919-5316FFDA3012} = {C846234B-D6E2-4AC3-A498-55026BA61AB7}
		{B2577068-7B1B-44D7-AE72-6DC16CA1CD5C} = {C846234B-D6E2-4AC3-A498-55026BA61AB7}
		{83ABF525-741F-4101-B0FB-9F19F8165AD6} = {95FF0470-2EE1-4DF0-AC1D-3E7DFE6C9751}
		{25C2CFDC-EFC6-4A29-B1FA-3017B95F5E3A} = {95FF0470-2EE1-4DF0-AC1D-3E7DFE6C9751}
		{F4F3272B-9021-47B7-8924-3196C355460E} = {C846234B-D6E2-4AC3-A498-55026BA61AB7}
		{48F7D346-80FF-44AA-8A05-6763457BE278} = {C846234B-D6E2-4AC3-A498-55026BA61AB7}
		{446CBD5E-2DEF-48E9-8161-8184C74A30AD} = {95FF0470-2EE1-4DF0-AC1D-3E7DFE6C9751}
		{AE744764-F08D-4486-B1BA-AD415B9B9E1A} = {95FF0470-2EE1-4DF0-AC1D-3E7DFE6C9751}
	EndGlobalSection
EndGlobal
